<?xml version="1.0" encoding="utf-8"?>
<Project ToolsVersion="4.0" xmlns="http://schemas.microsoft.com/developer/msbuild/2003">
  <ItemGroup>
    <Filter Include="Source Files">
      <UniqueIdentifier>{4FC737F1-C7A5-4376-A066-2A32D752A2FF}</UniqueIdentifier>
      <Extensions>cpp;c;cc;cxx;c++;cppm;ixx;def;odl;idl;hpj;bat;asm;asmx</Extensions>
    </Filter>
    <Filter Include="Header Files">
      <UniqueIdentifier>{93995380-89BD-4b04-88EB-625FBE52EBFB}</UniqueIdentifier>
      <Extensions>h;hh;hpp;hxx;h++;hm;inl;inc;ipp;xsd</Extensions>
    </Filter>
    <Filter Include="Resource Files">
      <UniqueIdentifier>{67DA6AB6-F800-4c08-8B7A-83BB121AAD01}</UniqueIdentifier>
      <Extensions>rc;ico;cur;bmp;dlg;rc2;rct;bin;rgs;gif;jpg;jpeg;jpe;resx;tiff;tif;png;wav;mfcribbon-ms</Extensions>
    </Filter>
    <Filter Include="Source Files\util">
      <UniqueIdentifier>{69b25aff-8e4c-45c5-981c-c32b2cd9f6b0}</UniqueIdentifier>
    </Filter>
    <Filter Include="Source Files\classes">
      <UniqueIdentifier>{25f3513c-ae75-44de-8ad2-c6a03d14bb56}</UniqueIdentifier>
    </Filter>
    <Filter Include="Source Files\convert">
      <UniqueIdentifier>{94f37061-3d4f-41c5-a81e-905beab4028e}</UniqueIdentifier>
    </Filter>
    <Filter Include="Source Files\entities">
      <UniqueIdentifier>{5267817c-3060-4c1c-aa60-e10df702f420}</UniqueIdentifier>
    </Filter>
    <Filter Include="Source Files\objects">
      <UniqueIdentifier>{fd25d05b-0892-4452-8333-ce36122cdd7a}</UniqueIdentifier>
    </Filter>
    <Filter Include="Source Files\sections">
      <UniqueIdentifier>{43fd8649-5fcb-4ea2-ab17-5f244f725e48}</UniqueIdentifier>
    </Filter>
    <Filter Include="Source Files\tables">
      <UniqueIdentifier>{620edf0f-bfc2-4cf8-9ef9-7b72cce8fa81}</UniqueIdentifier>
    </Filter>
  </ItemGroup>
  <ItemGroup>
    <None Include="README.biscuit" />
  </ItemGroup>
  <ItemGroup>
    <ClCompile Include="Base.ixx">
      <Filter>Source Files</Filter>
    </ClCompile>
    <ClCompile Include="Basic.ixx">
      <Filter>Source Files</Filter>
    </ClCompile>
    <ClCompile Include="config.h">
      <Filter>Source Files</Filter>
    </ClCompile>
    <ClCompile Include="util\BSPTree.ixx">
      <Filter>Source Files\util</Filter>
    </ClCompile>
    <ClCompile Include="util\MemHandler.ixx">
      <Filter>Source Files\util</Filter>
    </ClCompile>
    <ClCompile Include="dime.biscuit.ixx">
      <Filter>Source Files</Filter>
    </ClCompile>
    <ClCompile Include="Input.ixx">
      <Filter>Source Files</Filter>
    </ClCompile>
    <ClCompile Include="Layer.ixx">
      <Filter>Source Files</Filter>
    </ClCompile>
    <ClCompile Include="Model.ixx">
      <Filter>Source Files</Filter>
    </ClCompile>
    <ClCompile Include="Model.cpp">
      <Filter>Source Files</Filter>
    </ClCompile>
    <ClCompile Include="Input.cpp">
      <Filter>Source Files</Filter>
    </ClCompile>
    <ClCompile Include="Output.ixx">
      <Filter>Source Files</Filter>
    </ClCompile>
    <ClCompile Include="Output.cpp">
      <Filter>Source Files</Filter>
    </ClCompile>
    <ClCompile Include="RecordHolder.ixx">
      <Filter>Source Files</Filter>
    </ClCompile>
    <ClCompile Include="RecordHolder.cpp">
      <Filter>Source Files</Filter>
    </ClCompile>
    <ClCompile Include="Record.ixx">
      <Filter>Source Files</Filter>
    </ClCompile>
    <ClCompile Include="Record.cpp">
      <Filter>Source Files</Filter>
    </ClCompile>
    <ClCompile Include="State.ixx">
      <Filter>Source Files</Filter>
    </ClCompile>
    <ClCompile Include="classes\UnknownClass.ixx">
      <Filter>Source Files\classes</Filter>
    </ClCompile>
    <ClCompile Include="classes\Class.ixx">
      <Filter>Source Files\classes</Filter>
    </ClCompile>
    <ClCompile Include="classes\Class.cpp">
      <Filter>Source Files\classes</Filter>
    </ClCompile>
    <ClCompile Include="classes\UnknownClass.cpp">
      <Filter>Source Files\classes</Filter>
    </ClCompile>
    <ClCompile Include="tables\Table.ixx">
      <Filter>Source Files\tables</Filter>
    </ClCompile>
    <ClCompile Include="tables\Table.cpp">
      <Filter>Source Files\tables</Filter>
    </ClCompile>
    <ClCompile Include="tables\LayerTable.cpp">
      <Filter>Source Files\tables</Filter>
    </ClCompile>
    <ClCompile Include="tables\LayerTable.ixx">
      <Filter>Source Files\tables</Filter>
    </ClCompile>
    <ClCompile Include="tables\TableEntry.cpp">
      <Filter>Source Files\tables</Filter>
    </ClCompile>
    <ClCompile Include="tables\TableEntry.ixx">
      <Filter>Source Files\tables</Filter>
    </ClCompile>
    <ClCompile Include="tables\UCSTable.cpp">
      <Filter>Source Files\tables</Filter>
    </ClCompile>
    <ClCompile Include="tables\UCSTable.ixx">
      <Filter>Source Files\tables</Filter>
    </ClCompile>
    <ClCompile Include="tables\UnknownTable.cpp">
      <Filter>Source Files\tables</Filter>
    </ClCompile>
    <ClCompile Include="tables\UnknownTable.ixx">
      <Filter>Source Files\tables</Filter>
    </ClCompile>
    <ClCompile Include="objects\Object.cpp">
      <Filter>Source Files\objects</Filter>
    </ClCompile>
    <ClCompile Include="objects\Object.ixx">
      <Filter>Source Files\objects</Filter>
    </ClCompile>
    <ClCompile Include="objects\UnknownObject.cpp">
      <Filter>Source Files\objects</Filter>
    </ClCompile>
    <ClCompile Include="objects\UnknownObject.ixx">
      <Filter>Source Files\objects</Filter>
    </ClCompile>
    <ClCompile Include="sections\Section.ixx">
      <Filter>Source Files\sections</Filter>
    </ClCompile>
    <ClCompile Include="sections\UnknownSection.cpp">
      <Filter>Source Files\sections</Filter>
    </ClCompile>
    <ClCompile Include="sections\UnknownSection.ixx">
      <Filter>Source Files\sections</Filter>
    </ClCompile>
    <ClCompile Include="sections\ObjectsSection.cpp">
      <Filter>Source Files\sections</Filter>
    </ClCompile>
    <ClCompile Include="sections\ObjectsSection.ixx">
      <Filter>Source Files\sections</Filter>
    </ClCompile>
    <ClCompile Include="classes\0.classes.ixx">
      <Filter>Source Files\classes</Filter>
    </ClCompile>
    <ClCompile Include="convert\0.convert.ixx">
      <Filter>Source Files\convert</Filter>
    </ClCompile>
    <ClCompile Include="entities\0.entities.ixx">
      <Filter>Source Files\entities</Filter>
    </ClCompile>
    <ClCompile Include="util\0.util.ixx">
      <Filter>Source Files\util</Filter>
    </ClCompile>
    <ClCompile Include="objects\0.objects.ixx">
      <Filter>Source Files\objects</Filter>
    </ClCompile>
    <ClCompile Include="sections\0.sections.ixx">
      <Filter>Source Files\sections</Filter>
    </ClCompile>
    <ClCompile Include="tables\0.tables.ixx">
      <Filter>Source Files\tables</Filter>
    </ClCompile>
    <ClCompile Include="entities\Entity.ixx">
      <Filter>Source Files\entities</Filter>
    </ClCompile>
    <ClCompile Include="entities\Block.ixx">
      <Filter>Source Files\entities</Filter>
    </ClCompile>
    <ClCompile Include="sections\BlocksSection.ixx">
      <Filter>Source Files\sections</Filter>
    </ClCompile>
    <ClCompile Include="sections\BlocksSection.cpp">
      <Filter>Source Files\sections</Filter>
    </ClCompile>
    <ClCompile Include="entities\3DFace.cpp">
      <Filter>Source Files\entities</Filter>
    </ClCompile>
    <ClCompile Include="entities\3DFace.ixx">
      <Filter>Source Files\entities</Filter>
    </ClCompile>
    <ClCompile Include="entities\FaceEntity.ixx">
      <Filter>Source Files\entities</Filter>
    </ClCompile>
    <ClCompile Include="entities\FaceEntity.cpp">
      <Filter>Source Files\entities</Filter>
    </ClCompile>
    <ClCompile Include="entities\Line.cpp">
      <Filter>Source Files\entities</Filter>
    </ClCompile>
    <ClCompile Include="entities\Line.ixx">
      <Filter>Source Files\entities</Filter>
    </ClCompile>
    <ClCompile Include="entities\Point.cpp">
      <Filter>Source Files\entities</Filter>
    </ClCompile>
    <ClCompile Include="entities\Point.ixx">
      <Filter>Source Files\entities</Filter>
    </ClCompile>
    <ClCompile Include="entities\ExtrusionEntity.cpp">
      <Filter>Source Files\entities</Filter>
    </ClCompile>
    <ClCompile Include="entities\ExtrusionEntity.ixx">
      <Filter>Source Files\entities</Filter>
    </ClCompile>
    <ClCompile Include="entities\UnknownEntity.ixx">
      <Filter>Source Files\entities</Filter>
    </ClCompile>
    <ClCompile Include="entities\Trace.cpp">
      <Filter>Source Files\entities</Filter>
    </ClCompile>
    <ClCompile Include="entities\Trace.ixx">
      <Filter>Source Files\entities</Filter>
    </ClCompile>
    <ClCompile Include="entities\Solid.ixx">
      <Filter>Source Files\entities</Filter>
    </ClCompile>
    <ClCompile Include="entities\Solid.cpp">
      <Filter>Source Files\entities</Filter>
    </ClCompile>
    <ClCompile Include="entities\Vertex.cpp">
      <Filter>Source Files\entities</Filter>
    </ClCompile>
    <ClCompile Include="entities\Vertex.ixx">
      <Filter>Source Files\entities</Filter>
    </ClCompile>
    <ClCompile Include="entities\Insert.cpp">
      <Filter>Source Files\entities</Filter>
    </ClCompile>
    <ClCompile Include="entities\Insert.ixx">
      <Filter>Source Files\entities</Filter>
    </ClCompile>
    <ClCompile Include="sections\HeaderSection.ixx">
      <Filter>Source Files\sections</Filter>
    </ClCompile>
    <ClCompile Include="sections\HeaderSection.cpp">
      <Filter>Source Files\sections</Filter>
    </ClCompile>
    <ClCompile Include="sections\EntitiesSection.ixx">
      <Filter>Source Files\sections</Filter>
    </ClCompile>
    <ClCompile Include="sections\EntitiesSection.cpp">
      <Filter>Source Files\sections</Filter>
    </ClCompile>
    <ClCompile Include="sections\Section.cpp">
      <Filter>Source Files\sections</Filter>
    </ClCompile>
    <ClCompile Include="sections\TablesSection.cpp">
      <Filter>Source Files\sections</Filter>
    </ClCompile>
    <ClCompile Include="sections\TablesSection.ixx">
      <Filter>Source Files\sections</Filter>
    </ClCompile>
    <ClCompile Include="sections\ClassesSection.ixx">
      <Filter>Source Files\sections</Filter>
    </ClCompile>
    <ClCompile Include="sections\ClassesSection.cpp">
      <Filter>Source Files\sections</Filter>
    </ClCompile>
  </ItemGroup>
  <ItemGroup>
    <ClInclude Include="Basic.h">
      <Filter>Source Files</Filter>
    </ClInclude>
  </ItemGroup>
</Project>